
Microsoft Visual Studio Solution File, Format Version 12.00
# Visual Studio Version 17
VisualStudioVersion = 17.4.33110.190
MinimumVisualStudioVersion = 10.0.40219.1
Project("{2150E333-8FDC-42A3-9474-1A3956D46DE8}") = "Library", "Library", "{BD01CC1D-8047-4ED1-A9A1-C6C1DC4B8173}"
EndProject
Project("{2150E333-8FDC-42A3-9474-1A3956D46DE8}") = "Testing", "Testing", "{C73BE4DD-6B79-48C2-921A-EDE4ED0EB5C7}"
	ProjectSection(SolutionItems) = preProject
		Class2.cs = Class2.cs
	EndProjectSection
EndProject
Project("{2150E333-8FDC-42A3-9474-1A3956D46DE8}") = "Presentation", "Presentation", "{DBACA98A-8528-4AE1-9E04-8AA347454B12}"
EndProject
Project("{FAE04EC0-301F-11D3-BF4B-00C04F79EFBC}") = "MagazineObjectDesignTests", "MagazineObjectDesignTests\MagazineObjectDesignTests.csproj", "{4011CF53-3F2A-4236-8013-3531C2160163}"
EndProject
Project("{FAE04EC0-301F-11D3-BF4B-00C04F79EFBC}") = "MagazineLib", "ClassLibrary2\MagazineLib.csproj", "{57683719-F794-4B39-A0A0-5FB516145A1C}"
EndProject
Project("{FAE04EC0-301F-11D3-BF4B-00C04F79EFBC}") = "MagazinePersistenceTests", "MagazinePersistenceTests\MagazinePersistenceTests.csproj", "{54877077-11BB-48B1-BC83-F287F137CF21}"
EndProject
Project("{FAE04EC0-301F-11D3-BF4B-00C04F79EFBC}") = "DBTest", "DBTest1\DBTest.csproj", "{D7446905-6135-43F8-85B5-1F89608CF607}"
EndProject
Project("{FAE04EC0-301F-11D3-BF4B-00C04F79EFBC}") = "3-BusinessLogicTest", "BusinessLogicTest\3-BusinessLogicTest.csproj", "{B08CF855-97C2-48EF-B0EE-D21F0883C6CF}"
EndProject
Project("{FAE04EC0-301F-11D3-BF4B-00C04F79EFBC}") = "IGUMagazine", "IGUMagazine\IGUMagazine.csproj", "{266CF1FE-76F1-4C44-9F3E-1C8EA8F5A09B}"
EndProject
Global
	GlobalSection(SolutionConfigurationPlatforms) = preSolution
		Debug|Any CPU = Debug|Any CPU
		Release|Any CPU = Release|Any CPU
	EndGlobalSection
	GlobalSection(ProjectConfigurationPlatforms) = postSolution
		{4011CF53-3F2A-4236-8013-3531C2160163}.Debug|Any CPU.ActiveCfg = Debug|Any CPU
		{4011CF53-3F2A-4236-8013-3531C2160163}.Debug|Any CPU.Build.0 = Debug|Any CPU
		{4011CF53-3F2A-4236-8013-3531C2160163}.Release|Any CPU.ActiveCfg = Release|Any CPU
		{4011CF53-3F2A-4236-8013-3531C2160163}.Release|Any CPU.Build.0 = Release|Any CPU
		{57683719-F794-4B39-A0A0-5FB516145A1C}.Debug|Any CPU.ActiveCfg = Debug|Any CPU
		{57683719-F794-4B39-A0A0-5FB516145A1C}.Debug|Any CPU.Build.0 = Debug|Any CPU
		{57683719-F794-4B39-A0A0-5FB516145A1C}.Release|Any CPU.ActiveCfg = Release|Any CPU
		{57683719-F794-4B39-A0A0-5FB516145A1C}.Release|Any CPU.Build.0 = Release|Any CPU
		{54877077-11BB-48B1-BC83-F287F137CF21}.Debug|Any CPU.ActiveCfg = Debug|Any CPU
		{54877077-11BB-48B1-BC83-F287F137CF21}.Debug|Any CPU.Build.0 = Debug|Any CPU
		{54877077-11BB-48B1-BC83-F287F137CF21}.Release|Any CPU.ActiveCfg = Release|Any CPU
		{54877077-11BB-48B1-BC83-F287F137CF21}.Release|Any CPU.Build.0 = Release|Any CPU
		{D7446905-6135-43F8-85B5-1F89608CF607}.Debug|Any CPU.ActiveCfg = Debug|Any CPU
		{D7446905-6135-43F8-85B5-1F89608CF607}.Debug|Any CPU.Build.0 = Debug|Any CPU
		{D7446905-6135-43F8-85B5-1F89608CF607}.Release|Any CPU.ActiveCfg = Release|Any CPU
		{D7446905-6135-43F8-85B5-1F89608CF607}.Release|Any CPU.Build.0 = Release|Any CPU
		{B08CF855-97C2-48EF-B0EE-D21F0883C6CF}.Debug|Any CPU.ActiveCfg = Debug|Any CPU
		{B08CF855-97C2-48EF-B0EE-D21F0883C6CF}.Debug|Any CPU.Build.0 = Debug|Any CPU
		{B08CF855-97C2-48EF-B0EE-D21F0883C6CF}.Release|Any CPU.ActiveCfg = Release|Any CPU
		{B08CF855-97C2-48EF-B0EE-D21F0883C6CF}.Release|Any CPU.Build.0 = Release|Any CPU
		{266CF1FE-76F1-4C44-9F3E-1C8EA8F5A09B}.Debug|Any CPU.ActiveCfg = Debug|Any CPU
		{266CF1FE-76F1-4C44-9F3E-1C8EA8F5A09B}.Debug|Any CPU.Build.0 = Debug|Any CPU
		{266CF1FE-76F1-4C44-9F3E-1C8EA8F5A09B}.Release|Any CPU.ActiveCfg = Release|Any CPU
		{266CF1FE-76F1-4C44-9F3E-1C8EA8F5A09B}.Release|Any CPU.Build.0 = Release|Any CPU
	EndGlobalSection
	GlobalSection(SolutionProperties) = preSolution
		HideSolutionNode = FALSE
	EndGlobalSection
	GlobalSection(NestedProjects) = preSolution
		{4011CF53-3F2A-4236-8013-3531C2160163} = {C73BE4DD-6B79-48C2-921A-EDE4ED0EB5C7}
		{57683719-F794-4B39-A0A0-5FB516145A1C} = {BD01CC1D-8047-4ED1-A9A1-C6C1DC4B8173}
		{54877077-11BB-48B1-BC83-F287F137CF21} = {C73BE4DD-6B79-48C2-921A-EDE4ED0EB5C7}
		{D7446905-6135-43F8-85B5-1F89608CF607} = {C73BE4DD-6B79-48C2-921A-EDE4ED0EB5C7}
		{B08CF855-97C2-48EF-B0EE-D21F0883C6CF} = {C73BE4DD-6B79-48C2-921A-EDE4ED0EB5C7}
		{266CF1FE-76F1-4C44-9F3E-1C8EA8F5A09B} = {DBACA98A-8528-4AE1-9E04-8AA347454B12}
	EndGlobalSection
	GlobalSection(ExtensibilityGlobals) = postSolution
		SolutionGuid = {0AF1FA2D-4737-4CB7-923E-083C32E16559}
	EndGlobalSection
EndGlobal
