
Microsoft Visual Studio Solution File, Format Version 12.00
# Visual Studio Version 17
VisualStudioVersion = 17.2.32526.322
MinimumVisualStudioVersion = 10.0.40219.1
Project("{2150E333-8FDC-42A3-9474-1A3956D46DE8}") = "Library", "Library", "{BD01CC1D-8047-4ED1-A9A1-C6C1DC4B8173}"
EndProject
Project("{9A19103F-16F7-4668-BE54-9A1E7A4F7556}") = "MagazineLib", "ClassLibrary\MagazineLib.csproj", "{E4651BB8-9A8A-4148-8808-494F329D6B72}"
EndProject
Project("{2150E333-8FDC-42A3-9474-1A3956D46DE8}") = "Testing", "Testing", "{C73BE4DD-6B79-48C2-921A-EDE4ED0EB5C7}"
	ProjectSection(SolutionItems) = preProject
		Class1.cs = Class1.cs
	EndProjectSection
EndProject
Project("{2150E333-8FDC-42A3-9474-1A3956D46DE8}") = "Presentation", "Presentation", "{DBACA98A-8528-4AE1-9E04-8AA347454B12}"
	ProjectSection(SolutionItems) = preProject
		Class2.cs = Class2.cs
	EndProjectSection
EndProject
Global
	GlobalSection(SolutionConfigurationPlatforms) = preSolution
		Debug|Any CPU = Debug|Any CPU
		Release|Any CPU = Release|Any CPU
	EndGlobalSection
	GlobalSection(ProjectConfigurationPlatforms) = postSolution
		{E4651BB8-9A8A-4148-8808-494F329D6B72}.Debug|Any CPU.ActiveCfg = Debug|Any CPU
		{E4651BB8-9A8A-4148-8808-494F329D6B72}.Debug|Any CPU.Build.0 = Debug|Any CPU
		{E4651BB8-9A8A-4148-8808-494F329D6B72}.Release|Any CPU.ActiveCfg = Release|Any CPU
		{E4651BB8-9A8A-4148-8808-494F329D6B72}.Release|Any CPU.Build.0 = Release|Any CPU
	EndGlobalSection
	GlobalSection(SolutionProperties) = preSolution
		HideSolutionNode = FALSE
	EndGlobalSection
	GlobalSection(NestedProjects) = preSolution
		{E4651BB8-9A8A-4148-8808-494F329D6B72} = {BD01CC1D-8047-4ED1-A9A1-C6C1DC4B8173}
	EndGlobalSection
	GlobalSection(ExtensibilityGlobals) = postSolution
		SolutionGuid = {0AF1FA2D-4737-4CB7-923E-083C32E16559}
	EndGlobalSection
EndGlobal
